
Microsoft Visual Studio Solution File, Format Version 12.00
# Visual Studio 15
VisualStudioVersion = 15.0.28307.106
MinimumVisualStudioVersion = 10.0.40219.1
Project("{FAE04EC0-301F-11D3-BF4B-00C04F79EFBC}") = "Cliente", "Cliente\Cliente.csproj", "{67AA82F1-D19D-4767-B4F7-D82CB5B34685}"
EndProject
Project("{FAE04EC0-301F-11D3-BF4B-00C04F79EFBC}") = "Servidor", "Servidor\Servidor.csproj", "{5CE3FDCF-4BA4-413F-AB1F-097D26D580D2}"
EndProject
Global
	GlobalSection(SolutionConfigurationPlatforms) = preSolution
		Debug|Any CPU = Debug|Any CPU
		Release|Any CPU = Release|Any CPU
	EndGlobalSection
	GlobalSection(ProjectConfigurationPlatforms) = postSolution
		{67AA82F1-D19D-4767-B4F7-D82CB5B34685}.Debug|Any CPU.ActiveCfg = Debug|Any CPU
		{67AA82F1-D19D-4767-B4F7-D82CB5B34685}.Debug|Any CPU.Build.0 = Debug|Any CPU
		{67AA82F1-D19D-4767-B4F7-D82CB5B34685}.Release|Any CPU.ActiveCfg = Release|Any CPU
		{67AA82F1-D19D-4767-B4F7-D82CB5B34685}.Release|Any CPU.Build.0 = Release|Any CPU
		{5CE3FDCF-4BA4-413F-AB1F-097D26D580D2}.Debug|Any CPU.ActiveCfg = Debug|Any CPU
		{5CE3FDCF-4BA4-413F-AB1F-097D26D580D2}.Debug|Any CPU.Build.0 = Debug|Any CPU
		{5CE3FDCF-4BA4-413F-AB1F-097D26D580D2}.Release|Any CPU.ActiveCfg = Release|Any CPU
		{5CE3FDCF-4BA4-413F-AB1F-097D26D580D2}.Release|Any CPU.Build.0 = Release|Any CPU
	EndGlobalSection
	GlobalSection(SolutionProperties) = preSolution
		HideSolutionNode = FALSE
	EndGlobalSection
	GlobalSection(ExtensibilityGlobals) = postSolution
		SolutionGuid = {515267C7-6E86-439A-BA9E-06F10A43A27F}
	EndGlobalSection
EndGlobal
